
Microsoft Visual Studio Solution File, Format Version 12.00
# Visual Studio Version 16
VisualStudioVersion = 16.0.30717.126
MinimumVisualStudioVersion = 10.0.40219.1
Project("{FAE04EC0-301F-11D3-BF4B-00C04F79EFBC}") = "We_Slipt_App", "We_Slipt_App\We_Slipt_App.csproj", "{3C87E487-C39E-4073-B73D-96246CF260F7}"
EndProject
Global
	GlobalSection(SolutionConfigurationPlatforms) = preSolution
		Debug|Any CPU = Debug|Any CPU
		Release|Any CPU = Release|Any CPU
	EndGlobalSection
	GlobalSection(ProjectConfigurationPlatforms) = postSolution
		{3C87E487-C39E-4073-B73D-96246CF260F7}.Debug|Any CPU.ActiveCfg = Debug|Any CPU
		{3C87E487-C39E-4073-B73D-96246CF260F7}.Debug|Any CPU.Build.0 = Debug|Any CPU
		{3C87E487-C39E-4073-B73D-96246CF260F7}.Release|Any CPU.ActiveCfg = Release|Any CPU
		{3C87E487-C39E-4073-B73D-96246CF260F7}.Release|Any CPU.Build.0 = Release|Any CPU
	EndGlobalSection
	GlobalSection(SolutionProperties) = preSolution
		HideSolutionNode = FALSE
	EndGlobalSection
	GlobalSection(ExtensibilityGlobals) = postSolution
		SolutionGuid = {FC95F709-3405-47EE-8ABB-66CCC5A7FA8F}
	EndGlobalSection
EndGlobal
